PODS:
  - Alamofire (5.4.0)
  - Differentiator (4.0.1)
  - EasyPeasy (1.9.0)
  - Kingfisher (6.2.1)
  - RxCocoa (5.1.1):
    - RxRelay (~> 5)
    - RxSwift (~> 5)
  - RxDataSources (4.0.1):
    - Differentiator (~> 4.0)
    - RxCocoa (~> 5.0)
    - RxSwift (~> 5.0)
  - RxRelay (5.1.1):
    - RxSwift (~> 5)
  - RxSwift (5.1.1)
  - RxSwiftExt (5.2.0):
    - RxSwiftExt/Core (= 5.2.0)
    - RxSwiftExt/RxCocoa (= 5.2.0)
  - RxSwiftExt/Core (5.2.0):
    - RxSwift (~> 5.0)
  - RxSwiftExt/RxCocoa (5.2.0):
    - RxCocoa (~> 5.0)
    - RxSwiftExt/Core

DEPENDENCIES:
  - Alamofire
  - EasyPeasy
  - Kingfisher
  - RxCocoa
  - RxDataSources
  - RxSwift
  - RxSwiftExt

SPEC REPOS:
  trunk:
    - Alamofire
    - Differentiator
    - EasyPeasy
    - Kingfisher
    - RxCocoa
    - RxDataSources
    - RxRelay
    - RxSwift
    - RxSwiftExt

SPEC CHECKSUMS:
  Alamofire: 3b6a534a3df22db367e4dedeeca73d1ddfcf0e2f
  Differentiator: 886080237d9f87f322641dedbc5be257061b0602
  EasyPeasy: 19a84ef8f8bbcf925b9fecc29d1d78b7dab96718
  Kingfisher: e71c6fac2aebb1262888cabc2cb13d313362a48f
  RxCocoa: 32065309a38d29b5b0db858819b5bf9ef038b601
  RxDataSources: efee07fa4de48477eca0a4611e6d11e2da9c1114
  RxRelay: d77f7d771495f43c556cbc43eebd1bb54d01e8e9
  RxSwift: 81470a2074fa8780320ea5fe4102807cb7118178
  RxSwiftExt: 4ca80336f43c28f11a2825cdd2fc61dd6c044697

PODFILE CHECKSUM: a8d9a7afc0163bde34f057d10ca43dee117853d4

COCOAPODS: 1.10.1
