// !$*UTF8*$!
{
	archiveVersion = 1;
	classes = {
	};
	objectVersion = 51;
	objects = {

/* Begin PBXBuildFile section */
		4256124E261F36E20019D2DE /* AppDelegate.swift in Sources */ = {isa = PBXBuildFile; fileRef = 4256124D261F36E20019D2DE /* AppDelegate.swift */; };
		42561250261F36E20019D2DE /* SceneDelegate.swift in Sources */ = {isa = PBXBuildFile; fileRef = 4256124F261F36E20019D2DE /* SceneDelegate.swift */; };
		42561257261F36E20019D2DE /* Assets.xcassets in Resources */ = {isa = PBXBuildFile; fileRef = 42561256261F36E20019D2DE /* Assets.xcassets */; };
		4256125A261F36E20019D2DE /* LaunchScreen.storyboard in Resources */ = {isa = PBXBuildFile; fileRef = 42561258261F36E20019D2DE /* LaunchScreen.storyboard */; };
		42561271261F39950019D2DE /* ViewModel.swift in Sources */ = {isa = PBXBuildFile; fileRef = 42561270261F39950019D2DE /* ViewModel.swift */; };
		42561276261F39D80019D2DE /* ViewController.swift in Sources */ = {isa = PBXBuildFile; fileRef = 42561275261F39D80019D2DE /* ViewController.swift */; };
		42561279261F39EC0019D2DE /* CellWith.swift in Sources */ = {isa = PBXBuildFile; fileRef = 42561278261F39EC0019D2DE /* CellWith.swift */; };
		4256127E261F3A330019D2DE /* Extensions.swift in Sources */ = {isa = PBXBuildFile; fileRef = 4256127D261F3A330019D2DE /* Extensions.swift */; };
		42561281261F3A610019D2DE /* View.swift in Sources */ = {isa = PBXBuildFile; fileRef = 42561280261F3A610019D2DE /* View.swift */; };
		4256128C261F3AE70019D2DE /* TableView.swift in Sources */ = {isa = PBXBuildFile; fileRef = 4256128B261F3AE70019D2DE /* TableView.swift */; };
		42561290261F3C000019D2DE /* Character.swift in Sources */ = {isa = PBXBuildFile; fileRef = 4256128F261F3C000019D2DE /* Character.swift */; };
		42561293261F3D260019D2DE /* AliveStatus.swift in Sources */ = {isa = PBXBuildFile; fileRef = 42561292261F3D260019D2DE /* AliveStatus.swift */; };
		42561297261F3E060019D2DE /* Endpoint.swift in Sources */ = {isa = PBXBuildFile; fileRef = 42561296261F3E060019D2DE /* Endpoint.swift */; };
		4256129B261F3E4D0019D2DE /* NetworkManager.swift in Sources */ = {isa = PBXBuildFile; fileRef = 4256129A261F3E4D0019D2DE /* NetworkManager.swift */; };
		4256129E261F40D20019D2DE /* CharacterCardView.swift in Sources */ = {isa = PBXBuildFile; fileRef = 4256129D261F40D20019D2DE /* CharacterCardView.swift */; };
		425612A1261F421E0019D2DE /* CharacterListViewController.swift in Sources */ = {isa = PBXBuildFile; fileRef = 425612A0261F421E0019D2DE /* CharacterListViewController.swift */; };
		425612D8261F52C40019D2DE /* CharacterDetailViewController.swift in Sources */ = {isa = PBXBuildFile; fileRef = 425612D7261F52C40019D2DE /* CharacterDetailViewController.swift */; };
		425612DB261F52ED0019D2DE /* AliveStatusView.swift in Sources */ = {isa = PBXBuildFile; fileRef = 425612DA261F52ED0019D2DE /* AliveStatusView.swift */; };
		DA20BDAB34C873C446B62525 /* Pods_RickAndMorty.framework in Frameworks */ = {isa = PBXBuildFile; fileRef = 0BE6F25E535BB75A964FFD0D /* Pods_RickAndMorty.framework */; };
/* End PBXBuildFile section */

/* Begin PBXFileReference section */
		0BE6F25E535BB75A964FFD0D /* Pods_RickAndMorty.framework */ = {isa = PBXFileReference; explicitFileType = wrapper.framework; includeInIndex = 0; path = Pods_RickAndMorty.framework; sourceTree = BUILT_PRODUCTS_DIR; };
		4256124A261F36E20019D2DE /* RickAndMorty.app */ = {isa = PBXFileReference; explicitFileType = wrapper.application; includeInIndex = 0; path = RickAndMorty.app; sourceTree = BUILT_PRODUCTS_DIR; };
		4256124D261F36E20019D2DE /* AppDelegate.swift */ = {isa = PBXFileReference; lastKnownFileType = sourcecode.swift; path = AppDelegate.swift; sourceTree = "<group>"; };
		4256124F261F36E20019D2DE /* SceneDelegate.swift */ = {isa = PBXFileReference; lastKnownFileType = sourcecode.swift; path = SceneDelegate.swift; sourceTree = "<group>"; };
		42561256261F36E20019D2DE /* Assets.xcassets */ = {isa = PBXFileReference; lastKnownFileType = folder.assetcatalog; path = Assets.xcassets; sourceTree = "<group>"; };
		42561259261F36E20019D2DE /* Base */ = {isa = PBXFileReference; lastKnownFileType = file.storyboard; name = Base; path = Base.lproj/LaunchScreen.storyboard; sourceTree = "<group>"; };
		4256125B261F36E20019D2DE /* Info.plist */ = {isa = PBXFileReference; lastKnownFileType = text.plist.xml; path = Info.plist; sourceTree = "<group>"; };
		42561270261F39950019D2DE /* ViewModel.swift */ = {isa = PBXFileReference; lastKnownFileType = sourcecode.swift; path = ViewModel.swift; sourceTree = "<group>"; };
		42561275261F39D80019D2DE /* ViewController.swift */ = {isa = PBXFileReference; lastKnownFileType = sourcecode.swift; path = ViewController.swift; sourceTree = "<group>"; };
		42561278261F39EC0019D2DE /* CellWith.swift */ = {isa = PBXFileReference; lastKnownFileType = sourcecode.swift; path = CellWith.swift; sourceTree = "<group>"; };
		4256127D261F3A330019D2DE /* Extensions.swift */ = {isa = PBXFileReference; lastKnownFileType = sourcecode.swift; path = Extensions.swift; sourceTree = "<group>"; };
		42561280261F3A610019D2DE /* View.swift */ = {isa = PBXFileReference; lastKnownFileType = sourcecode.swift; path = View.swift; sourceTree = "<group>"; };
		4256128B261F3AE70019D2DE /* TableView.swift */ = {isa = PBXFileReference; lastKnownFileType = sourcecode.swift; path = TableView.swift; sourceTree = "<group>"; };
		4256128F261F3C000019D2DE /* Character.swift */ = {isa = PBXFileReference; lastKnownFileType = sourcecode.swift; path = Character.swift; sourceTree = "<group>"; };
		42561292261F3D260019D2DE /* AliveStatus.swift */ = {isa = PBXFileReference; lastKnownFileType = sourcecode.swift; path = AliveStatus.swift; sourceTree = "<group>"; };
		42561296261F3E060019D2DE /* Endpoint.swift */ = {isa = PBXFileReference; lastKnownFileType = sourcecode.swift; path = Endpoint.swift; sourceTree = "<group>"; };
		4256129A261F3E4D0019D2DE /* NetworkManager.swift */ = {isa = PBXFileReference; lastKnownFileType = sourcecode.swift; path = NetworkManager.swift; sourceTree = "<group>"; };
		4256129D261F40D20019D2DE /* CharacterCardView.swift */ = {isa = PBXFileReference; lastKnownFileType = sourcecode.swift; path = CharacterCardView.swift; sourceTree = "<group>"; };
		425612A0261F421E0019D2DE /* CharacterListViewController.swift */ = {isa = PBXFileReference; lastKnownFileType = sourcecode.swift; path = CharacterListViewController.swift; sourceTree = "<group>"; };
		425612D7261F52C40019D2DE /* CharacterDetailViewController.swift */ = {isa = PBXFileReference; lastKnownFileType = sourcecode.swift; path = CharacterDetailViewController.swift; sourceTree = "<group>"; };
		425612DA261F52ED0019D2DE /* AliveStatusView.swift */ = {isa = PBXFileReference; lastKnownFileType = sourcecode.swift; path = AliveStatusView.swift; sourceTree = "<group>"; };
		4F5771A5C8F574A15970F552 /* Pods-RickAndMorty.release.xcconfig */ = {isa = PBXFileReference; includeInIndex = 1; lastKnownFileType = text.xcconfig; name = "Pods-RickAndMorty.release.xcconfig"; path = "Target Support Files/Pods-RickAndMorty/Pods-RickAndMorty.release.xcconfig"; sourceTree = "<group>"; };
		E06B14FDA2BDBB24CC3A804E /* Pods-RickAndMorty.debug.xcconfig */ = {isa = PBXFileReference; includeInIndex = 1; lastKnownFileType = text.xcconfig; name = "Pods-RickAndMorty.debug.xcconfig"; path = "Target Support Files/Pods-RickAndMorty/Pods-RickAndMorty.debug.xcconfig"; sourceTree = "<group>"; };
/* End PBXFileReference section */

/* Begin PBXFrameworksBuildPhase section */
		42561247261F36E20019D2DE /* Frameworks */ = {
			isa = PBXFrameworksBuildPhase;
			buildActionMask = 2147483647;
			files = (
				DA20BDAB34C873C446B62525 /* Pods_RickAndMorty.framework in Frameworks */,
			);
			runOnlyForDeploymentPostprocessing = 0;
		};
/* End PBXFrameworksBuildPhase section */

/* Begin PBXGroup section */
		42561241261F36E20019D2DE = {
			isa = PBXGroup;
			children = (
				4256124C261F36E20019D2DE /* RickAndMorty */,
				4256124B261F36E20019D2DE /* Products */,
				4BF7DE2647B063AEDCA3FB09 /* Pods */,
				503A400AAF72BCCDC7FAF652 /* Frameworks */,
			);
			sourceTree = "<group>";
		};
		4256124B261F36E20019D2DE /* Products */ = {
			isa = PBXGroup;
			children = (
				4256124A261F36E20019D2DE /* RickAndMorty.app */,
			);
			name = Products;
			sourceTree = "<group>";
		};
		4256124C261F36E20019D2DE /* RickAndMorty */ = {
			isa = PBXGroup;
			children = (
				4256124D261F36E20019D2DE /* AppDelegate.swift */,
				4256124F261F36E20019D2DE /* SceneDelegate.swift */,
				42561273261F39BA0019D2DE /* Presentation Layer */,
				42561295261F3DEA0019D2DE /* Network Layer */,
				4256126F261F39860019D2DE /* Core Layer */,
				4256127D261F3A330019D2DE /* Extensions.swift */,
				42561256261F36E20019D2DE /* Assets.xcassets */,
				42561258261F36E20019D2DE /* LaunchScreen.storyboard */,
				4256125B261F36E20019D2DE /* Info.plist */,
			);
			path = RickAndMorty;
			sourceTree = "<group>";
		};
		4256126F261F39860019D2DE /* Core Layer */ = {
			isa = PBXGroup;
			children = (
				42561270261F39950019D2DE /* ViewModel.swift */,
				4256128E261F3BEE0019D2DE /* Models */,
			);
			path = "Core Layer";
			sourceTree = "<group>";
		};
		42561273261F39BA0019D2DE /* Presentation Layer */ = {
			isa = PBXGroup;
			children = (
				42561274261F39C90019D2DE /* Base */,
				4256129D261F40D20019D2DE /* CharacterCardView.swift */,
				425612A0261F421E0019D2DE /* CharacterListViewController.swift */,
				425612DA261F52ED0019D2DE /* AliveStatusView.swift */,
				425612D7261F52C40019D2DE /* CharacterDetailViewController.swift */,
			);
			path = "Presentation Layer";
			sourceTree = "<group>";
		};
		42561274261F39C90019D2DE /* Base */ = {
			isa = PBXGroup;
			children = (
				42561275261F39D80019D2DE /* ViewController.swift */,
				42561278261F39EC0019D2DE /* CellWith.swift */,
				42561280261F3A610019D2DE /* View.swift */,
				4256128B261F3AE70019D2DE /* TableView.swift */,
			);
			path = Base;
			sourceTree = "<group>";
		};
		4256128E261F3BEE0019D2DE /* Models */ = {
			isa = PBXGroup;
			children = (
				4256128F261F3C000019D2DE /* Character.swift */,
				42561292261F3D260019D2DE /* AliveStatus.swift */,
			);
			path = Models;
			sourceTree = "<group>";
		};
		42561295261F3DEA0019D2DE /* Network Layer */ = {
			isa = PBXGroup;
			children = (
				42561296261F3E060019D2DE /* Endpoint.swift */,
				4256129A261F3E4D0019D2DE /* NetworkManager.swift */,
			);
			path = "Network Layer";
			sourceTree = "<group>";
		};
		4BF7DE2647B063AEDCA3FB09 /* Pods */ = {
			isa = PBXGroup;
			children = (
				E06B14FDA2BDBB24CC3A804E /* Pods-RickAndMorty.debug.xcconfig */,
				4F5771A5C8F574A15970F552 /* Pods-RickAndMorty.release.xcconfig */,
			);
			path = Pods;
			sourceTree = "<group>";
		};
		503A400AAF72BCCDC7FAF652 /* Frameworks */ = {
			isa = PBXGroup;
			children = (
				0BE6F25E535BB75A964FFD0D /* Pods_RickAndMorty.framework */,
			);
			name = Frameworks;
			sourceTree = "<group>";
		};
/* End PBXGroup section */

/* Begin PBXNativeTarget section */
		42561249261F36E20019D2DE /* RickAndMorty */ = {
			isa = PBXNativeTarget;
			buildConfigurationList = 4256125E261F36E20019D2DE /* Build configuration list for PBXNativeTarget "RickAndMorty" */;
			buildPhases = (
				196120BCD0811C09344A179D /* [CP] Check Pods Manifest.lock */,
				42561246261F36E20019D2DE /* Sources */,
				42561247261F36E20019D2DE /* Frameworks */,
				42561248261F36E20019D2DE /* Resources */,
				C5E21E98B64BE976EAACBE70 /* [CP] Embed Pods Frameworks */,
			);
			buildRules = (
			);
			dependencies = (
			);
			name = RickAndMorty;
			productName = RickAndMorty;
			productReference = 4256124A261F36E20019D2DE /* RickAndMorty.app */;
			productType = "com.apple.product-type.application";
		};
/* End PBXNativeTarget section */

/* Begin PBXProject section */
		42561242261F36E20019D2DE /* Project object */ = {
			isa = PBXProject;
			attributes = {
				LastSwiftUpdateCheck = 1240;
				LastUpgradeCheck = 1240;
				TargetAttributes = {
					42561249261F36E20019D2DE = {
						CreatedOnToolsVersion = 12.4;
					};
				};
			};
			buildConfigurationList = 42561245261F36E20019D2DE /* Build configuration list for PBXProject "RickAndMorty" */;
			compatibilityVersion = "Xcode 9.3";
			developmentRegion = en;
			hasScannedForEncodings = 0;
			knownRegions = (
				en,
				Base,
			);
			mainGroup = 42561241261F36E20019D2DE;
			productRefGroup = 4256124B261F36E20019D2DE /* Products */;
			projectDirPath = "";
			projectRoot = "";
			targets = (
				42561249261F36E20019D2DE /* RickAndMorty */,
			);
		};
/* End PBXProject section */

/* Begin PBXResourcesBuildPhase section */
		42561248261F36E20019D2DE /* Resources */ = {
			isa = PBXResourcesBuildPhase;
			buildActionMask = 2147483647;
			files = (
				4256125A261F36E20019D2DE /* LaunchScreen.storyboard in Resources */,
				42561257261F36E20019D2DE /* Assets.xcassets in Resources */,
			);
			runOnlyForDeploymentPostprocessing = 0;
		};
/* End PBXResourcesBuildPhase section */

/* Begin PBXShellScriptBuildPhase section */
		196120BCD0811C09344A179D /* [CP] Check Pods Manifest.lock */ = {
			isa = PBXShellScriptBuildPhase;
			buildActionMask = 2147483647;
			files = (
			);
			inputFileListPaths = (
			);
			inputPaths = (
				"${PODS_PODFILE_DIR_PATH}/Podfile.lock",
				"${PODS_ROOT}/Manifest.lock",
			);
			name = "[CP] Check Pods Manifest.lock";
			outputFileListPaths = (
			);
			outputPaths = (
				"$(DERIVED_FILE_DIR)/Pods-RickAndMorty-checkManifestLockResult.txt",
			);
			runOnlyForDeploymentPostprocessing = 0;
			shellPath = /bin/sh;
			shellScript = "diff \"${PODS_PODFILE_DIR_PATH}/Podfile.lock\" \"${PODS_ROOT}/Manifest.lock\" > /dev/null\nif [ $? != 0 ] ; then\n    # print error to STDERR\n    echo \"error: The sandbox is not in sync with the Podfile.lock. Run 'pod install' or update your CocoaPods installation.\" >&2\n    exit 1\nfi\n# This output is used by Xcode 'outputs' to avoid re-running this script phase.\necho \"SUCCESS\" > \"${SCRIPT_OUTPUT_FILE_0}\"\n";
			showEnvVarsInLog = 0;
		};
		C5E21E98B64BE976EAACBE70 /* [CP] Embed Pods Frameworks */ = {
			isa = PBXShellScriptBuildPhase;
			buildActionMask = 2147483647;
			files = (
			);
			inputFileListPaths = (
				"${PODS_ROOT}/Target Support Files/Pods-RickAndMorty/Pods-RickAndMorty-frameworks-${CONFIGURATION}-input-files.xcfilelist",
			);
			name = "[CP] Embed Pods Frameworks";
			outputFileListPaths = (
				"${PODS_ROOT}/Target Support Files/Pods-RickAndMorty/Pods-RickAndMorty-frameworks-${CONFIGURATION}-output-files.xcfilelist",
			);
			runOnlyForDeploymentPostprocessing = 0;
			shellPath = /bin/sh;
			shellScript = "\"${PODS_ROOT}/Target Support Files/Pods-RickAndMorty/Pods-RickAndMorty-frameworks.sh\"\n";
			showEnvVarsInLog = 0;
		};
/* End PBXShellScriptBuildPhase section */

/* Begin PBXSourcesBuildPhase section */
		42561246261F36E20019D2DE /* Sources */ = {
			isa = PBXSourcesBuildPhase;
			buildActionMask = 2147483647;
			files = (
				425612DB261F52ED0019D2DE /* AliveStatusView.swift in Sources */,
				4256129B261F3E4D0019D2DE /* NetworkManager.swift in Sources */,
				42561290261F3C000019D2DE /* Character.swift in Sources */,
				42561293261F3D260019D2DE /* AliveStatus.swift in Sources */,
				42561276261F39D80019D2DE /* ViewController.swift in Sources */,
				425612A1261F421E0019D2DE /* CharacterListViewController.swift in Sources */,
				4256127E261F3A330019D2DE /* Extensions.swift in Sources */,
				4256124E261F36E20019D2DE /* AppDelegate.swift in Sources */,
				42561279261F39EC0019D2DE /* CellWith.swift in Sources */,
				4256129E261F40D20019D2DE /* CharacterCardView.swift in Sources */,
				42561271261F39950019D2DE /* ViewModel.swift in Sources */,
				425612D8261F52C40019D2DE /* CharacterDetailViewController.swift in Sources */,
				4256128C261F3AE70019D2DE /* TableView.swift in Sources */,
				42561281261F3A610019D2DE /* View.swift in Sources */,
				42561297261F3E060019D2DE /* Endpoint.swift in Sources */,
				42561250261F36E20019D2DE /* SceneDelegate.swift in Sources */,
			);
			runOnlyForDeploymentPostprocessing = 0;
		};
/* End PBXSourcesBuildPhase section */

/* Begin PBXVariantGroup section */
		42561258261F36E20019D2DE /* LaunchScreen.storyboard */ = {
			isa = PBXVariantGroup;
			children = (
				42561259261F36E20019D2DE /* Base */,
			);
			name = LaunchScreen.storyboard;
			sourceTree = "<group>";
		};
/* End PBXVariantGroup section */

/* Begin XCBuildConfiguration section */
		4256125C261F36E20019D2DE /* Debug */ = {
			isa = XCBuildConfiguration;
			buildSettings = {
				ALWAYS_SEARCH_USER_PATHS = NO;
				CLANG_ANALYZER_NONNULL = YES;
				CLANG_ANALYZER_NUMBER_OBJECT_CONVERSION = YES_AGGRESSIVE;
				CLANG_CXX_LANGUAGE_STANDARD = "gnu++14";
				CLANG_CXX_LIBRARY = "libc++";
				CLANG_ENABLE_MODULES = YES;
				CLANG_ENABLE_OBJC_ARC = YES;
				CLANG_ENABLE_OBJC_WEAK = YES;
				CLANG_WARN_BLOCK_CAPTURE_AUTORELEASING = YES;
				CLANG_WARN_BOOL_CONVERSION = YES;
				CLANG_WARN_COMMA = YES;
				CLANG_WARN_CONSTANT_CONVERSION = YES;
				CLANG_WARN_DEPRECATED_OBJC_IMPLEMENTATIONS = YES;
				CLANG_WARN_DIRECT_OBJC_ISA_USAGE = YES_ERROR;
				CLANG_WARN_DOCUMENTATION_COMMENTS = YES;
				CLANG_WARN_EMPTY_BODY = YES;
				CLANG_WARN_ENUM_CONVERSION = YES;
				CLANG_WARN_INFINITE_RECURSION = YES;
				CLANG_WARN_INT_CONVERSION = YES;
				CLANG_WARN_NON_LITERAL_NULL_CONVERSION = YES;
				CLANG_WARN_OBJC_IMPLICIT_RETAIN_SELF = YES;
				CLANG_WARN_OBJC_LITERAL_CONVERSION = YES;
				CLANG_WARN_OBJC_ROOT_CLASS = YES_ERROR;
				CLANG_WARN_QUOTED_INCLUDE_IN_FRAMEWORK_HEADER = YES;
				CLANG_WARN_RANGE_LOOP_ANALYSIS = YES;
				CLANG_WARN_STRICT_PROTOTYPES = YES;
				CLANG_WARN_SUSPICIOUS_MOVE = YES;
				CLANG_WARN_UNGUARDED_AVAILABILITY = YES_AGGRESSIVE;
				CLANG_WARN_UNREACHABLE_CODE = YES;
				CLANG_WARN__DUPLICATE_METHOD_MATCH = YES;
				COPY_PHASE_STRIP = NO;
				DEBUG_INFORMATION_FORMAT = dwarf;
				ENABLE_STRICT_OBJC_MSGSEND = YES;
				ENABLE_TESTABILITY = YES;
				GCC_C_LANGUAGE_STANDARD = gnu11;
				GCC_DYNAMIC_NO_PIC = NO;
				GCC_NO_COMMON_BLOCKS = YES;
				GCC_OPTIMIZATION_LEVEL = 0;
				GCC_PREPROCESSOR_DEFINITIONS = (
					"DEBUG=1",
					"$(inherited)",
				);
				GCC_WARN_64_TO_32_BIT_CONVERSION = YES;
				GCC_WARN_ABOUT_RETURN_TYPE = YES_ERROR;
				GCC_WARN_UNDECLARED_SELECTOR = YES;
				GCC_WARN_UNINITIALIZED_AUTOS = YES_AGGRESSIVE;
				GCC_WARN_UNUSED_FUNCTION = YES;
				GCC_WARN_UNUSED_VARIABLE = YES;
				IPHONEOS_DEPLOYMENT_TARGET = 14.4;
				MTL_ENABLE_DEBUG_INFO = INCLUDE_SOURCE;
				MTL_FAST_MATH = YES;
				ONLY_ACTIVE_ARCH = YES;
				SDKROOT = iphoneos;
				SWIFT_ACTIVE_COMPILATION_CONDITIONS = DEBUG;
				SWIFT_OPTIMIZATION_LEVEL = "-Onone";
			};
			name = Debug;
		};
		4256125D261F36E20019D2DE /* Release */ = {
			isa = XCBuildConfiguration;
			buildSettings = {
				ALWAYS_SEARCH_USER_PATHS = NO;
				CLANG_ANALYZER_NONNULL = YES;
				CLANG_ANALYZER_NUMBER_OBJECT_CONVERSION = YES_AGGRESSIVE;
				CLANG_CXX_LANGUAGE_STANDARD = "gnu++14";
				CLANG_CXX_LIBRARY = "libc++";
				CLANG_ENABLE_MODULES = YES;
				CLANG_ENABLE_OBJC_ARC = YES;
				CLANG_ENABLE_OBJC_WEAK = YES;
				CLANG_WARN_BLOCK_CAPTURE_AUTORELEASING = YES;
				CLANG_WARN_BOOL_CONVERSION = YES;
				CLANG_WARN_COMMA = YES;
				CLANG_WARN_CONSTANT_CONVERSION = YES;
				CLANG_WARN_DEPRECATED_OBJC_IMPLEMENTATIONS = YES;
				CLANG_WARN_DIRECT_OBJC_ISA_USAGE = YES_ERROR;
				CLANG_WARN_DOCUMENTATION_COMMENTS = YES;
				CLANG_WARN_EMPTY_BODY = YES;
				CLANG_WARN_ENUM_CONVERSION = YES;
				CLANG_WARN_INFINITE_RECURSION = YES;
				CLANG_WARN_INT_CONVERSION = YES;
				CLANG_WARN_NON_LITERAL_NULL_CONVERSION = YES;
				CLANG_WARN_OBJC_IMPLICIT_RETAIN_SELF = YES;
				CLANG_WARN_OBJC_LITERAL_CONVERSION = YES;
				CLANG_WARN_OBJC_ROOT_CLASS = YES_ERROR;
				CLANG_WARN_QUOTED_INCLUDE_IN_FRAMEWORK_HEADER = YES;
				CLANG_WARN_RANGE_LOOP_ANALYSIS = YES;
				CLANG_WARN_STRICT_PROTOTYPES = YES;
				CLANG_WARN_SUSPICIOUS_MOVE = YES;
				CLANG_WARN_UNGUARDED_AVAILABILITY = YES_AGGRESSIVE;
				CLANG_WARN_UNREACHABLE_CODE = YES;
				CLANG_WARN__DUPLICATE_METHOD_MATCH = YES;
				COPY_PHASE_STRIP = NO;
				DEBUG_INFORMATION_FORMAT = "dwarf-with-dsym";
				ENABLE_NS_ASSERTIONS = NO;
				ENABLE_STRICT_OBJC_MSGSEND = YES;
				GCC_C_LANGUAGE_STANDARD = gnu11;
				GCC_NO_COMMON_BLOCKS = YES;
				GCC_WARN_64_TO_32_BIT_CONVERSION = YES;
				GCC_WARN_ABOUT_RETURN_TYPE = YES_ERROR;
				GCC_WARN_UNDECLARED_SELECTOR = YES;
				GCC_WARN_UNINITIALIZED_AUTOS = YES_AGGRESSIVE;
				GCC_WARN_UNUSED_FUNCTION = YES;
				GCC_WARN_UNUSED_VARIABLE = YES;
				IPHONEOS_DEPLOYMENT_TARGET = 14.4;
				MTL_ENABLE_DEBUG_INFO = NO;
				MTL_FAST_MATH = YES;
				SDKROOT = iphoneos;
				SWIFT_COMPILATION_MODE = wholemodule;
				SWIFT_OPTIMIZATION_LEVEL = "-O";
				VALIDATE_PRODUCT = YES;
			};
			name = Release;
		};
		4256125F261F36E20019D2DE /* Debug */ = {
			isa = XCBuildConfiguration;
			baseConfigurationReference = E06B14FDA2BDBB24CC3A804E /* Pods-RickAndMorty.debug.xcconfig */;
			buildSettings = {
				ASSETCATALOG_COMPILER_APPICON_NAME = AppIcon;
				ASSETCATALOG_COMPILER_GLOBAL_ACCENT_COLOR_NAME = AccentColor;
				CODE_SIGN_STYLE = Automatic;
				DEVELOPMENT_TEAM = CS3D57L9L6;
				INFOPLIST_FILE = RickAndMorty/Info.plist;
				LD_RUNPATH_SEARCH_PATHS = (
					"$(inherited)",
					"@executable_path/Frameworks",
				);
				PRODUCT_BUNDLE_IDENTIFIER = com.dk.RickAndMorty;
				PRODUCT_NAME = "$(TARGET_NAME)";
				SWIFT_VERSION = 5.0;
				TARGETED_DEVICE_FAMILY = "1,2";
			};
			name = Debug;
		};
		42561260261F36E20019D2DE /* Release */ = {
			isa = XCBuildConfiguration;
			baseConfigurationReference = 4F5771A5C8F574A15970F552 /* Pods-RickAndMorty.release.xcconfig */;
			buildSettings = {
				ASSETCATALOG_COMPILER_APPICON_NAME = AppIcon;
				ASSETCATALOG_COMPILER_GLOBAL_ACCENT_COLOR_NAME = AccentColor;
				CODE_SIGN_STYLE = Automatic;
				DEVELOPMENT_TEAM = CS3D57L9L6;
				INFOPLIST_FILE = RickAndMorty/Info.plist;
				LD_RUNPATH_SEARCH_PATHS = (
					"$(inherited)",
					"@executable_path/Frameworks",
				);
				PRODUCT_BUNDLE_IDENTIFIER = com.dk.RickAndMorty;
				PRODUCT_NAME = "$(TARGET_NAME)";
				SWIFT_VERSION = 5.0;
				TARGETED_DEVICE_FAMILY = "1,2";
			};
			name = Release;
		};
/* End XCBuildConfiguration section */

/* Begin XCConfigurationList section */
		42561245261F36E20019D2DE /* Build configuration list for PBXProject "RickAndMorty" */ = {
			isa = XCConfigurationList;
			buildConfigurations = (
				4256125C261F36E20019D2DE /* Debug */,
				4256125D261F36E20019D2DE /* Release */,
			);
			defaultConfigurationIsVisible = 0;
			defaultConfigurationName = Release;
		};
		4256125E261F36E20019D2DE /* Build configuration list for PBXNativeTarget "RickAndMorty" */ = {
			isa = XCConfigurationList;
			buildConfigurations = (
				4256125F261F36E20019D2DE /* Debug */,
				42561260261F36E20019D2DE /* Release */,
			);
			defaultConfigurationIsVisible = 0;
			defaultConfigurationName = Release;
		};
/* End XCConfigurationList section */
	};
	rootObject = 42561242261F36E20019D2DE /* Project object */;
}
